
Microsoft Visual Studio Solution File, Format Version 12.00
# Visual Studio Version 17
VisualStudioVersion = 17.9.34714.143
MinimumVisualStudioVersion = 10.0.40219.1
Project("{9A19103F-16F7-4668-BE54-9A1E7A4F7556}") = "Orangotango.Api.Gateway", "src\Orangotango.Api.Gateway\Orangotango.Api.Gateway.csproj", "{98D1156F-F0EF-415F-908E-7CAD39D8643B}"
EndProject
Global
	GlobalSection(SolutionConfigurationPlatforms) = preSolution
		Debug|Any CPU = Debug|Any CPU
		Release|Any CPU = Release|Any CPU
	EndGlobalSection
	GlobalSection(ProjectConfigurationPlatforms) = postSolution
		{98D1156F-F0EF-415F-908E-7CAD39D8643B}.Debug|Any CPU.ActiveCfg = Debug|Any CPU
		{98D1156F-F0EF-415F-908E-7CAD39D8643B}.Debug|Any CPU.Build.0 = Debug|Any CPU
		{98D1156F-F0EF-415F-908E-7CAD39D8643B}.Release|Any CPU.ActiveCfg = Release|Any CPU
		{98D1156F-F0EF-415F-908E-7CAD39D8643B}.Release|Any CPU.Build.0 = Release|Any CPU
	EndGlobalSection
	GlobalSection(SolutionProperties) = preSolution
		HideSolutionNode = FALSE
	EndGlobalSection
	GlobalSection(ExtensibilityGlobals) = postSolution
		SolutionGuid = {0E00AEB4-0595-4D0E-9D58-3A4C3A508BB1}
	EndGlobalSection
EndGlobal
